
Microsoft Visual Studio Solution File, Format Version 12.00
# Visual Studio Version 17
VisualStudioVersion = 17.9.34607.119
MinimumVisualStudioVersion = 10.0.40219.1
Project("{FAE04EC0-301F-11D3-BF4B-00C04F79EFBC}") = "ManavUygulama2", "ManavUygulama2\ManavUygulama2.csproj", "{F2C53BA5-3D42-4005-9FE5-281C625CBEED}"
EndProject
Global
	GlobalSection(SolutionConfigurationPlatforms) = preSolution
		Debug|Any CPU = Debug|Any CPU
		Release|Any CPU = Release|Any CPU
	EndGlobalSection
	GlobalSection(ProjectConfigurationPlatforms) = postSolution
		{F2C53BA5-3D42-4005-9FE5-281C625CBEED}.Debug|Any CPU.ActiveCfg = Debug|Any CPU
		{F2C53BA5-3D42-4005-9FE5-281C625CBEED}.Debug|Any CPU.Build.0 = Debug|Any CPU
		{F2C53BA5-3D42-4005-9FE5-281C625CBEED}.Release|Any CPU.ActiveCfg = Release|Any CPU
		{F2C53BA5-3D42-4005-9FE5-281C625CBEED}.Release|Any CPU.Build.0 = Release|Any CPU
	EndGlobalSection
	GlobalSection(SolutionProperties) = preSolution
		HideSolutionNode = FALSE
	EndGlobalSection
	GlobalSection(ExtensibilityGlobals) = postSolution
		SolutionGuid = {C9D60EE4-7457-4B3D-BF03-25F898FDD62C}
	EndGlobalSection
EndGlobal
